
Microsoft Visual Studio Solution File, Format Version 12.00
# Visual Studio Version 16
VisualStudioVersion = 16.0.31515.178
MinimumVisualStudioVersion = 10.0.40219.1
Project("{FAE04EC0-301F-11D3-BF4B-00C04F79EFBC}") = "logisticainventario", "logisticainventario\logisticainventario.csproj", "{F17C2F75-B5C1-4637-AF91-A0FCB700C5FF}"
EndProject
Global
	GlobalSection(SolutionConfigurationPlatforms) = preSolution
		Debug|Any CPU = Debug|Any CPU
		Release|Any CPU = Release|Any CPU
	EndGlobalSection
	GlobalSection(ProjectConfigurationPlatforms) = postSolution
		{F17C2F75-B5C1-4637-AF91-A0FCB700C5FF}.Debug|Any CPU.ActiveCfg = Debug|Any CPU
		{F17C2F75-B5C1-4637-AF91-A0FCB700C5FF}.Debug|Any CPU.Build.0 = Debug|Any CPU
		{F17C2F75-B5C1-4637-AF91-A0FCB700C5FF}.Release|Any CPU.ActiveCfg = Release|Any CPU
		{F17C2F75-B5C1-4637-AF91-A0FCB700C5FF}.Release|Any CPU.Build.0 = Release|Any CPU
	EndGlobalSection
	GlobalSection(SolutionProperties) = preSolution
		HideSolutionNode = FALSE
	EndGlobalSection
	GlobalSection(ExtensibilityGlobals) = postSolution
		SolutionGuid = {24D03968-DE74-48B6-A5E1-4665B71AF55A}
	EndGlobalSection
EndGlobal
