
Microsoft Visual Studio Solution File, Format Version 12.00
# Visual Studio Version 16
VisualStudioVersion = 16.0.31515.178
MinimumVisualStudioVersion = 10.0.40219.1
Project("{FAE04EC0-301F-11D3-BF4B-00C04F79EFBC}") = "CapaVista", "CapaVista\CapaVista.csproj", "{58985504-352D-4951-87DF-C03CB74A9976}"
EndProject
Project("{FAE04EC0-301F-11D3-BF4B-00C04F79EFBC}") = "CapaControlador", "CapaControlador\CapaControlador.csproj", "{E15E4BA2-E364-49FC-BA2D-ACDF37E2FB14}"
EndProject
Project("{FAE04EC0-301F-11D3-BF4B-00C04F79EFBC}") = "CapaModelo", "CapaModelo\CapaModelo.csproj", "{C835FFE6-BC99-489D-9007-AB72350511E6}"
EndProject
Global
	GlobalSection(SolutionConfigurationPlatforms) = preSolution
		Debug|Any CPU = Debug|Any CPU
		Release|Any CPU = Release|Any CPU
	EndGlobalSection
	GlobalSection(ProjectConfigurationPlatforms) = postSolution
		{58985504-352D-4951-87DF-C03CB74A9976}.Debug|Any CPU.ActiveCfg = Debug|Any CPU
		{58985504-352D-4951-87DF-C03CB74A9976}.Debug|Any CPU.Build.0 = Debug|Any CPU
		{58985504-352D-4951-87DF-C03CB74A9976}.Release|Any CPU.ActiveCfg = Release|Any CPU
		{58985504-352D-4951-87DF-C03CB74A9976}.Release|Any CPU.Build.0 = Release|Any CPU
		{E15E4BA2-E364-49FC-BA2D-ACDF37E2FB14}.Debug|Any CPU.ActiveCfg = Debug|Any CPU
		{E15E4BA2-E364-49FC-BA2D-ACDF37E2FB14}.Debug|Any CPU.Build.0 = Debug|Any CPU
		{E15E4BA2-E364-49FC-BA2D-ACDF37E2FB14}.Release|Any CPU.ActiveCfg = Release|Any CPU
		{E15E4BA2-E364-49FC-BA2D-ACDF37E2FB14}.Release|Any CPU.Build.0 = Release|Any CPU
		{C835FFE6-BC99-489D-9007-AB72350511E6}.Debug|Any CPU.ActiveCfg = Debug|Any CPU
		{C835FFE6-BC99-489D-9007-AB72350511E6}.Debug|Any CPU.Build.0 = Debug|Any CPU
		{C835FFE6-BC99-489D-9007-AB72350511E6}.Release|Any CPU.ActiveCfg = Release|Any CPU
		{C835FFE6-BC99-489D-9007-AB72350511E6}.Release|Any CPU.Build.0 = Release|Any CPU
	EndGlobalSection
	GlobalSection(SolutionProperties) = preSolution
		HideSolutionNode = FALSE
	EndGlobalSection
	GlobalSection(ExtensibilityGlobals) = postSolution
		SolutionGuid = {9184EF60-9A81-4205-B79C-C39DDC4738FD}
	EndGlobalSection
EndGlobal
